
Microsoft Visual Studio Solution File, Format Version 12.00
# Visual Studio Version 17
VisualStudioVersion = 17.7.34031.279
MinimumVisualStudioVersion = 10.0.40219.1
Project("{9A19103F-16F7-4668-BE54-9A1E7A4F7556}") = "TaskWhenAll-ParallelForeach", "TaskWhenAll-ParallelForeach.csproj", "{C28E0D85-49EC-4CED-9A45-2E19A3FE5ED5}"
EndProject
Global
	GlobalSection(SolutionConfigurationPlatforms) = preSolution
		Debug|Any CPU = Debug|Any CPU
		Release|Any CPU = Release|Any CPU
	EndGlobalSection
	GlobalSection(ProjectConfigurationPlatforms) = postSolution
		{C28E0D85-49EC-4CED-9A45-2E19A3FE5ED5}.Debug|Any CPU.ActiveCfg = Debug|Any CPU
		{C28E0D85-49EC-4CED-9A45-2E19A3FE5ED5}.Debug|Any CPU.Build.0 = Debug|Any CPU
		{C28E0D85-49EC-4CED-9A45-2E19A3FE5ED5}.Release|Any CPU.ActiveCfg = Release|Any CPU
		{C28E0D85-49EC-4CED-9A45-2E19A3FE5ED5}.Release|Any CPU.Build.0 = Release|Any CPU
	EndGlobalSection
	GlobalSection(SolutionProperties) = preSolution
		HideSolutionNode = FALSE
	EndGlobalSection
	GlobalSection(ExtensibilityGlobals) = postSolution
		SolutionGuid = {AC2DFB2A-3224-49B2-8518-8B507C017145}
	EndGlobalSection
EndGlobal
